
Microsoft Visual Studio Solution File, Format Version 12.00
# Visual Studio Version 17
VisualStudioVersion = 17.0.31903.59
MinimumVisualStudioVersion = 10.0.40219.1
Project("{FAE04EC0-301F-11D3-BF4B-00C04F79EFBC}") = "Otvetmailru.WebAPI", "Otvetmailru.WebAPI/Otvetmailru.WebAPI.csproj", "{103D0368-A290-4233-B95B-D4C759AEDAA1}"
EndProject
Project("{2150E333-8FDC-42A3-9474-1A3956D46DE8}") = "4_Entities", "4_Entities", "{0402E8A3-AA2F-4B50-9628-D2F6D2A5353A}"
EndProject
Project("{FAE04EC0-301F-11D3-BF4B-00C04F79EFBC}") = "Otvetmailru.Entities", "Otvetmailru.Entities/Otvetmailru.Entities.csproj", "{085EC89E-3BAC-4AFC-8E97-741D64857212}"
EndProject
Project("{2150E333-8FDC-42A3-9474-1A3956D46DE8}") = "1_Presentation", "1_Presentation", "{50F804D1-3B8E-4B0B-8596-CD294DD87EC3}"
EndProject
Project("{2150E333-8FDC-42A3-9474-1A3956D46DE8}") = "2_BusinessLogic", "2_BusinessLogic", "{9C635750-4589-4A3B-9E96-59339C628B45}"
EndProject
Project("{2150E333-8FDC-42A3-9474-1A3956D46DE8}") = "3_Repository", "3_Repository", "{BF0AE84F-68AB-4038-9BE4-6E07F3CB0788}"
EndProject
Project("{FAE04EC0-301F-11D3-BF4B-00C04F79EFBC}") = "Otvetmailru.Repository", "Otvetmailru.Repository/Otvetmailru.Repository.csproj", "{C623856C-6B49-40FF-88C7-EC7D044FE81D}"
EndProject
Project("{2150E333-8FDC-42A3-9474-1A3956D46DE8}") = "5_Shared", "5_Shared", "{CC7966AC-9429-4CA3-BD69-5573A5B3D40A}"
EndProject
Global
	GlobalSection(SolutionConfigurationPlatforms) = preSolution
		Debug|Any CPU = Debug|Any CPU
		Release|Any CPU = Release|Any CPU
	EndGlobalSection
	GlobalSection(SolutionProperties) = preSolution
		HideSolutionNode = FALSE
	EndGlobalSection
	GlobalSection(ProjectConfigurationPlatforms) = postSolution
		{103D0368-A290-4233-B95B-D4C759AEDAA1}.Debug|Any CPU.ActiveCfg = Debug|Any CPU
		{103D0368-A290-4233-B95B-D4C759AEDAA1}.Debug|Any CPU.Build.0 = Debug|Any CPU
		{103D0368-A290-4233-B95B-D4C759AEDAA1}.Release|Any CPU.ActiveCfg = Release|Any CPU
		{103D0368-A290-4233-B95B-D4C759AEDAA1}.Release|Any CPU.Build.0 = Release|Any CPU
		{085EC89E-3BAC-4AFC-8E97-741D64857212}.Debug|Any CPU.ActiveCfg = Debug|Any CPU
		{085EC89E-3BAC-4AFC-8E97-741D64857212}.Debug|Any CPU.Build.0 = Debug|Any CPU
		{085EC89E-3BAC-4AFC-8E97-741D64857212}.Release|Any CPU.ActiveCfg = Release|Any CPU
		{085EC89E-3BAC-4AFC-8E97-741D64857212}.Release|Any CPU.Build.0 = Release|Any CPU
		{C623856C-6B49-40FF-88C7-EC7D044FE81D}.Debug|Any CPU.ActiveCfg = Debug|Any CPU
		{C623856C-6B49-40FF-88C7-EC7D044FE81D}.Debug|Any CPU.Build.0 = Debug|Any CPU
		{C623856C-6B49-40FF-88C7-EC7D044FE81D}.Release|Any CPU.ActiveCfg = Release|Any CPU
		{C623856C-6B49-40FF-88C7-EC7D044FE81D}.Release|Any CPU.Build.0 = Release|Any CPU
		{DC203A39-A8CF-4B57-B62F-B931198E2875}.Debug|Any CPU.ActiveCfg = Debug|Any CPU
		{DC203A39-A8CF-4B57-B62F-B931198E2875}.Debug|Any CPU.Build.0 = Debug|Any CPU
		{DC203A39-A8CF-4B57-B62F-B931198E2875}.Release|Any CPU.ActiveCfg = Release|Any CPU
		{DC203A39-A8CF-4B57-B62F-B931198E2875}.Release|Any CPU.Build.0 = Release|Any CPU
	EndGlobalSection
	GlobalSection(NestedProjects) = preSolution
		{085EC89E-3BAC-4AFC-8E97-741D64857212} = {0402E8A3-AA2F-4B50-9628-D2F6D2A5353A}
		{103D0368-A290-4233-B95B-D4C759AEDAA1} = {50F804D1-3B8E-4B0B-8596-CD294DD87EC3}
		{C623856C-6B49-40FF-88C7-EC7D044FE81D} = {BF0AE84F-68AB-4038-9BE4-6E07F3CB0788}
		{DC203A39-A8CF-4B57-B62F-B931198E2875} = {9C635750-4589-4A3B-9E96-59339C628B45}
	EndGlobalSection
EndGlobal



